
Microsoft Visual Studio Solution File, Format Version 12.00
# Visual Studio Version 16
VisualStudioVersion = 16.0.30428.66
MinimumVisualStudioVersion = 10.0.40219.1
Project("{FAE04EC0-301F-11D3-BF4B-00C04F79EFBC}") = "TwitterServicesWeb.Server", "TwitterServicesWeb\Server\TwitterServicesWeb.Server.csproj", "{172EC11D-2543-4780-9032-16FB31D5408B}"
EndProject
Project("{FAE04EC0-301F-11D3-BF4B-00C04F79EFBC}") = "TwitterServicesWeb.Client", "TwitterServicesWeb\Client\TwitterServicesWeb.Client.csproj", "{EFABA077-2F83-4BEE-84CE-65F7AF214D52}"
EndProject
Project("{FAE04EC0-301F-11D3-BF4B-00C04F79EFBC}") = "TwitterServicesWeb.Shared", "TwitterServicesWeb\Shared\TwitterServicesWeb.Shared.csproj", "{2D5A151D-EF2F-49F3-8AD0-512DAF9BD3FB}"
EndProject
Project("{FAE04EC0-301F-11D3-BF4B-00C04F79EFBC}") = "PTI.TwitterServices", "PTI.TwitterServices\PTI.TwitterServices.csproj", "{BFC86DD1-A276-457F-B99F-EE9B1E0B09E9}"
EndProject
Project("{FAE04EC0-301F-11D3-BF4B-00C04F79EFBC}") = "TwitterServices.AutomatedTests", "TwitterServices.AutomatedTests\TwitterServices.AutomatedTests.csproj", "{389B7E64-45E6-4A48-A313-9D913A06F359}"
EndProject
Global
	GlobalSection(SolutionConfigurationPlatforms) = preSolution
		Debug|Any CPU = Debug|Any CPU
		Release|Any CPU = Release|Any CPU
	EndGlobalSection
	GlobalSection(ProjectConfigurationPlatforms) = postSolution
		{172EC11D-2543-4780-9032-16FB31D5408B}.Debug|Any CPU.ActiveCfg = Debug|Any CPU
		{172EC11D-2543-4780-9032-16FB31D5408B}.Debug|Any CPU.Build.0 = Debug|Any CPU
		{172EC11D-2543-4780-9032-16FB31D5408B}.Release|Any CPU.ActiveCfg = Release|Any CPU
		{172EC11D-2543-4780-9032-16FB31D5408B}.Release|Any CPU.Build.0 = Release|Any CPU
		{EFABA077-2F83-4BEE-84CE-65F7AF214D52}.Debug|Any CPU.ActiveCfg = Debug|Any CPU
		{EFABA077-2F83-4BEE-84CE-65F7AF214D52}.Debug|Any CPU.Build.0 = Debug|Any CPU
		{EFABA077-2F83-4BEE-84CE-65F7AF214D52}.Release|Any CPU.ActiveCfg = Release|Any CPU
		{EFABA077-2F83-4BEE-84CE-65F7AF214D52}.Release|Any CPU.Build.0 = Release|Any CPU
		{2D5A151D-EF2F-49F3-8AD0-512DAF9BD3FB}.Debug|Any CPU.ActiveCfg = Debug|Any CPU
		{2D5A151D-EF2F-49F3-8AD0-512DAF9BD3FB}.Debug|Any CPU.Build.0 = Debug|Any CPU
		{2D5A151D-EF2F-49F3-8AD0-512DAF9BD3FB}.Release|Any CPU.ActiveCfg = Release|Any CPU
		{2D5A151D-EF2F-49F3-8AD0-512DAF9BD3FB}.Release|Any CPU.Build.0 = Release|Any CPU
		{BFC86DD1-A276-457F-B99F-EE9B1E0B09E9}.Debug|Any CPU.ActiveCfg = Debug|Any CPU
		{BFC86DD1-A276-457F-B99F-EE9B1E0B09E9}.Debug|Any CPU.Build.0 = Debug|Any CPU
		{BFC86DD1-A276-457F-B99F-EE9B1E0B09E9}.Release|Any CPU.ActiveCfg = Release|Any CPU
		{BFC86DD1-A276-457F-B99F-EE9B1E0B09E9}.Release|Any CPU.Build.0 = Release|Any CPU
		{389B7E64-45E6-4A48-A313-9D913A06F359}.Debug|Any CPU.ActiveCfg = Debug|Any CPU
		{389B7E64-45E6-4A48-A313-9D913A06F359}.Debug|Any CPU.Build.0 = Debug|Any CPU
		{389B7E64-45E6-4A48-A313-9D913A06F359}.Release|Any CPU.ActiveCfg = Release|Any CPU
		{389B7E64-45E6-4A48-A313-9D913A06F359}.Release|Any CPU.Build.0 = Release|Any CPU
	EndGlobalSection
	GlobalSection(SolutionProperties) = preSolution
		HideSolutionNode = FALSE
	EndGlobalSection
	GlobalSection(ExtensibilityGlobals) = postSolution
		SolutionGuid = {02EF4720-422A-4A94-88D2-B97595D0648B}
	EndGlobalSection
EndGlobal
